
Microsoft Visual Studio Solution File, Format Version 12.00
# Visual Studio Version 17
VisualStudioVersion = 17.8.34525.116
MinimumVisualStudioVersion = 10.0.40219.1
Project("{FAE04EC0-301F-11D3-BF4B-00C04F79EFBC}") = "aula3", "aula3\aula3.csproj", "{8DAF6A50-BE0B-487B-A375-2FBDD4B0BD4A}"
EndProject
Global
	GlobalSection(SolutionConfigurationPlatforms) = preSolution
		Debug|Any CPU = Debug|Any CPU
		Release|Any CPU = Release|Any CPU
	EndGlobalSection
	GlobalSection(ProjectConfigurationPlatforms) = postSolution
		{8DAF6A50-BE0B-487B-A375-2FBDD4B0BD4A}.Debug|Any CPU.ActiveCfg = Debug|Any CPU
		{8DAF6A50-BE0B-487B-A375-2FBDD4B0BD4A}.Debug|Any CPU.Build.0 = Debug|Any CPU
		{8DAF6A50-BE0B-487B-A375-2FBDD4B0BD4A}.Release|Any CPU.ActiveCfg = Release|Any CPU
		{8DAF6A50-BE0B-487B-A375-2FBDD4B0BD4A}.Release|Any CPU.Build.0 = Release|Any CPU
	EndGlobalSection
	GlobalSection(SolutionProperties) = preSolution
		HideSolutionNode = FALSE
	EndGlobalSection
	GlobalSection(ExtensibilityGlobals) = postSolution
		SolutionGuid = {77CC5D60-961C-444F-BA59-460A32084915}
	EndGlobalSection
EndGlobal
